PODS:
  - CSV.swift (2.0.0)
  - SwiftyGif (3.0.3)

DEPENDENCIES:
  - CSV.swift (~> 2.0)
  - SwiftyGif

SPEC CHECKSUMS:
  CSV.swift: 9219fd67bd5737c7f7ed1aeee093e28ff6f0e5b0
  SwiftyGif: 89a0bb19709bdb6990e10405ad456d8bea804a65

PODFILE CHECKSUM: 551eab906e064fce00ecbad24ed11ac01d6e57c8

COCOAPODS: 1.2.1
